
Microsoft Visual Studio Solution File, Format Version 12.00
# Visual Studio Version 16
VisualStudioVersion = 16.0.31729.503
MinimumVisualStudioVersion = 10.0.40219.1
Project("{FAE04EC0-301F-11D3-BF4B-00C04F79EFBC}") = "Design_project_admin", "Design_project_admin\Design_project_admin.csproj", "{246DDA07-7626-49FE-AB2D-C1E817BEAA34}"
EndProject
Project("{FAE04EC0-301F-11D3-BF4B-00C04F79EFBC}") = "MongoDBLibrary", "MongoDBLibrary\MongoDBLibrary.csproj", "{1AE085AD-C17D-4AD5-B0E4-FF54BD03F1B4}"
EndProject
Global
	GlobalSection(SolutionConfigurationPlatforms) = preSolution
		Debug|Any CPU = Debug|Any CPU
		Release|Any CPU = Release|Any CPU
	EndGlobalSection
	GlobalSection(ProjectConfigurationPlatforms) = postSolution
		{246DDA07-7626-49FE-AB2D-C1E817BEAA34}.Debug|Any CPU.ActiveCfg = Debug|Any CPU
		{246DDA07-7626-49FE-AB2D-C1E817BEAA34}.Debug|Any CPU.Build.0 = Debug|Any CPU
		{246DDA07-7626-49FE-AB2D-C1E817BEAA34}.Release|Any CPU.ActiveCfg = Release|Any CPU
		{246DDA07-7626-49FE-AB2D-C1E817BEAA34}.Release|Any CPU.Build.0 = Release|Any CPU
		{1AE085AD-C17D-4AD5-B0E4-FF54BD03F1B4}.Debug|Any CPU.ActiveCfg = Debug|Any CPU
		{1AE085AD-C17D-4AD5-B0E4-FF54BD03F1B4}.Debug|Any CPU.Build.0 = Debug|Any CPU
		{1AE085AD-C17D-4AD5-B0E4-FF54BD03F1B4}.Release|Any CPU.ActiveCfg = Release|Any CPU
		{1AE085AD-C17D-4AD5-B0E4-FF54BD03F1B4}.Release|Any CPU.Build.0 = Release|Any CPU
	EndGlobalSection
	GlobalSection(SolutionProperties) = preSolution
		HideSolutionNode = FALSE
	EndGlobalSection
	GlobalSection(ExtensibilityGlobals) = postSolution
		SolutionGuid = {9FFCCE02-AC1F-4BEB-8C14-2FC40593340C}
	EndGlobalSection
EndGlobal
